// !$*UTF8*$!
{
	archiveVersion = 1;
	classes = {
	};
	objectVersion = 77;
	objects = {

/* Begin PBXBuildFile section */
		E3ED3AC22EB65B8F006DF229 /* LaunchScreen.storyboard in Resources */ = {isa = PBXBuildFile; fileRef = E3ED3AB42EB65B8F006DF229 /* LaunchScreen.storyboard */; };
		E3ED3AC32EB65B8F006DF229 /* Assets.xcassets in Resources */ = {isa = PBXBuildFile; fileRef = E3ED3ABA2EB65B8F006DF229 /* Assets.xcassets */; };
		E3ED3AC42EB65B8F006DF229 /* Main.storyboard in Resources */ = {isa = PBXBuildFile; fileRef = E3ED3ABD2EB65B8F006DF229 /* Main.storyboard */; };
		E3ED3AC62EB65B8F006DF229 /* AppDelegate.swift in Sources */ = {isa = PBXBuildFile; fileRef = E3ED3AA82EB65B8F006DF229 /* AppDelegate.swift */; };
		E3ED3AC72EB65B8F006DF229 /* SceneDelegate.swift in Sources */ = {isa = PBXBuildFile; fileRef = E3ED3AA92EB65B8F006DF229 /* SceneDelegate.swift */; };
		E3ED3AC82EB65B8F006DF229 /* ViewController.swift in Sources */ = {isa = PBXBuildFile; fileRef = E3ED3AAF2EB65B8F006DF229 /* ViewController.swift */; };
		E3ED3AC92EB65B8F006DF229 /* CryptoCoinranking.xcdatamodeld in Sources */ = {isa = PBXBuildFile; fileRef = E3ED3AB82EB65B8F006DF229 /* CryptoCoinranking.xcdatamodeld */; };
		E3ED3AD32EB66262006DF229 /* Coin.swift in Sources */ = {isa = PBXBuildFile; fileRef = E3ED3AD22EB6625D006DF229 /* Coin.swift */; };
		E3ED3AD52EB6637D006DF229 /* CoinData.swift in Sources */ = {isa = PBXBuildFile; fileRef = E3ED3AD42EB6637A006DF229 /* CoinData.swift */; };
		E3ED3AD72EB663D9006DF229 /* CoinResponse.swift in Sources */ = {isa = PBXBuildFile; fileRef = E3ED3AD62EB663D6006DF229 /* CoinResponse.swift */; };
		E3ED3ADA2EB66725006DF229 /* NetworkServiceProtocol.swift in Sources */ = {isa = PBXBuildFile; fileRef = E3ED3AD92EB66720006DF229 /* NetworkServiceProtocol.swift */; };
		E3ED3ADD2EB66776006DF229 /* NetworkService.swift in Sources */ = {isa = PBXBuildFile; fileRef = E3ED3ADC2EB66773006DF229 /* NetworkService.swift */; };
		E3ED3AE02EB667B5006DF229 /* NetworkError.swift in Sources */ = {isa = PBXBuildFile; fileRef = E3ED3ADF2EB667B2006DF229 /* NetworkError.swift */; };
		E3ED3AE32EB66C48006DF229 /* AppConfig.swift in Sources */ = {isa = PBXBuildFile; fileRef = E3ED3AE22EB66C40006DF229 /* AppConfig.swift */; };
		E3ED3AE52EB67243006DF229 /* CoinDetailResponse.swift in Sources */ = {isa = PBXBuildFile; fileRef = E3ED3AE42EB67240006DF229 /* CoinDetailResponse.swift */; };
		E3ED3AE72EB67269006DF229 /* CoinDetailData.swift in Sources */ = {isa = PBXBuildFile; fileRef = E3ED3AE62EB67267006DF229 /* CoinDetailData.swift */; };
		E3ED3AE92EB6727F006DF229 /* CoinDetail.swift in Sources */ = {isa = PBXBuildFile; fileRef = E3ED3AE82EB6727D006DF229 /* CoinDetail.swift */; };
		E3ED3AEB2EB67296006DF229 /* CoinLink.swift in Sources */ = {isa = PBXBuildFile; fileRef = E3ED3AEA2EB67294006DF229 /* CoinLink.swift */; };
/* End PBXBuildFile section */

/* Begin PBXContainerItemProxy section */
		E3D769552EB643030058419C /* PBXContainerItemProxy */ = {
			isa = PBXContainerItemProxy;
			containerPortal = E3D769332EB643020058419C /* Project object */;
			proxyType = 1;
			remoteGlobalIDString = E3D7693A2EB643020058419C;
			remoteInfo = CryptoCoinranking;
		};
		E3D7695F2EB643030058419C /* PBXContainerItemProxy */ = {
			isa = PBXContainerItemProxy;
			containerPortal = E3D769332EB643020058419C /* Project object */;
			proxyType = 1;
			remoteGlobalIDString = E3D7693A2EB643020058419C;
			remoteInfo = CryptoCoinranking;
		};
/* End PBXContainerItemProxy section */

/* Begin PBXFileReference section */
		E3D7693B2EB643020058419C /* CryptoCoinranking.app */ = {isa = PBXFileReference; explicitFileType = wrapper.application; includeInIndex = 0; path = CryptoCoinranking.app; sourceTree = BUILT_PRODUCTS_DIR; };
		E3D769542EB643030058419C /* CryptoCoinrankingTests.xctest */ = {isa = PBXFileReference; explicitFileType = wrapper.cfbundle; includeInIndex = 0; path = CryptoCoinrankingTests.xctest; sourceTree = BUILT_PRODUCTS_DIR; };
		E3D7695E2EB643030058419C /* CryptoCoinrankingUITests.xctest */ = {isa = PBXFileReference; explicitFileType = wrapper.cfbundle; includeInIndex = 0; path = CryptoCoinrankingUITests.xctest; sourceTree = BUILT_PRODUCTS_DIR; };
		E3ED3AA82EB65B8F006DF229 /* AppDelegate.swift */ = {isa = PBXFileReference; lastKnownFileType = sourcecode.swift; path = AppDelegate.swift; sourceTree = "<group>"; };
		E3ED3AA92EB65B8F006DF229 /* SceneDelegate.swift */ = {isa = PBXFileReference; lastKnownFileType = sourcecode.swift; path = SceneDelegate.swift; sourceTree = "<group>"; };
		E3ED3AAF2EB65B8F006DF229 /* ViewController.swift */ = {isa = PBXFileReference; lastKnownFileType = sourcecode.swift; path = ViewController.swift; sourceTree = "<group>"; };
		E3ED3AB32EB65B8F006DF229 /* Base */ = {isa = PBXFileReference; lastKnownFileType = file.storyboard; name = Base; path = Base.lproj/LaunchScreen.storyboard; sourceTree = "<group>"; };
		E3ED3ABA2EB65B8F006DF229 /* Assets.xcassets */ = {isa = PBXFileReference; lastKnownFileType = folder.assetcatalog; path = Assets.xcassets; sourceTree = "<group>"; };
		E3ED3ABC2EB65B8F006DF229 /* Base */ = {isa = PBXFileReference; lastKnownFileType = file.storyboard; name = Base; path = Base.lproj/Main.storyboard; sourceTree = "<group>"; };
		E3ED3ABF2EB65B8F006DF229 /* Info.plist */ = {isa = PBXFileReference; lastKnownFileType = text.plist.xml; path = Info.plist; sourceTree = "<group>"; };
		E3ED3AC12EB65B8F006DF229 /* CryptoCoinranking.xcdatamodel */ = {isa = PBXFileReference; lastKnownFileType = wrapper.xcdatamodel; path = CryptoCoinranking.xcdatamodel; sourceTree = "<group>"; };
		E3ED3AD22EB6625D006DF229 /* Coin.swift */ = {isa = PBXFileReference; lastKnownFileType = sourcecode.swift; path = Coin.swift; sourceTree = "<group>"; };
		E3ED3AD42EB6637A006DF229 /* CoinData.swift */ = {isa = PBXFileReference; lastKnownFileType = sourcecode.swift; path = CoinData.swift; sourceTree = "<group>"; };
		E3ED3AD62EB663D6006DF229 /* CoinResponse.swift */ = {isa = PBXFileReference; lastKnownFileType = sourcecode.swift; path = CoinResponse.swift; sourceTree = "<group>"; };
		E3ED3AD92EB66720006DF229 /* NetworkServiceProtocol.swift */ = {isa = PBXFileReference; lastKnownFileType = sourcecode.swift; path = NetworkServiceProtocol.swift; sourceTree = "<group>"; };
		E3ED3ADC2EB66773006DF229 /* NetworkService.swift */ = {isa = PBXFileReference; lastKnownFileType = sourcecode.swift; path = NetworkService.swift; sourceTree = "<group>"; };
		E3ED3ADF2EB667B2006DF229 /* NetworkError.swift */ = {isa = PBXFileReference; lastKnownFileType = sourcecode.swift; path = NetworkError.swift; sourceTree = "<group>"; };
		E3ED3AE12EB66978006DF229 /* AppConfig.xcconfig */ = {isa = PBXFileReference; lastKnownFileType = text.xcconfig; path = AppConfig.xcconfig; sourceTree = "<group>"; };
		E3ED3AE22EB66C40006DF229 /* AppConfig.swift */ = {isa = PBXFileReference; lastKnownFileType = sourcecode.swift; path = AppConfig.swift; sourceTree = "<group>"; };
		E3ED3AE42EB67240006DF229 /* CoinDetailResponse.swift */ = {isa = PBXFileReference; lastKnownFileType = sourcecode.swift; path = CoinDetailResponse.swift; sourceTree = "<group>"; };
		E3ED3AE62EB67267006DF229 /* CoinDetailData.swift */ = {isa = PBXFileReference; lastKnownFileType = sourcecode.swift; path = CoinDetailData.swift; sourceTree = "<group>"; };
		E3ED3AE82EB6727D006DF229 /* CoinDetail.swift */ = {isa = PBXFileReference; lastKnownFileType = sourcecode.swift; path = CoinDetail.swift; sourceTree = "<group>"; };
		E3ED3AEA2EB67294006DF229 /* CoinLink.swift */ = {isa = PBXFileReference; lastKnownFileType = sourcecode.swift; path = CoinLink.swift; sourceTree = "<group>"; };
/* End PBXFileReference section */

/* Begin PBXFileSystemSynchronizedRootGroup section */
		E3D769572EB643030058419C /* CryptoCoinrankingTests */ = {
			isa = PBXFileSystemSynchronizedRootGroup;
			path = CryptoCoinrankingTests;
			sourceTree = "<group>";
		};
		E3D769612EB643030058419C /* CryptoCoinrankingUITests */ = {
			isa = PBXFileSystemSynchronizedRootGroup;
			path = CryptoCoinrankingUITests;
			sourceTree = "<group>";
		};
/* End PBXFileSystemSynchronizedRootGroup section */

/* Begin PBXFrameworksBuildPhase section */
		E3D769382EB643020058419C /* Frameworks */ = {
			isa = PBXFrameworksBuildPhase;
			buildActionMask = 2147483647;
			files = (
			);
			runOnlyForDeploymentPostprocessing = 0;
		};
		E3D769512EB643030058419C /* Frameworks */ = {
			isa = PBXFrameworksBuildPhase;
			buildActionMask = 2147483647;
			files = (
			);
			runOnlyForDeploymentPostprocessing = 0;
		};
		E3D7695B2EB643030058419C /* Frameworks */ = {
			isa = PBXFrameworksBuildPhase;
			buildActionMask = 2147483647;
			files = (
			);
			runOnlyForDeploymentPostprocessing = 0;
		};
/* End PBXFrameworksBuildPhase section */

/* Begin PBXGroup section */
		E3D769322EB643020058419C = {
			isa = PBXGroup;
			children = (
				E3ED3AC02EB65B8F006DF229 /* CryptoCoinranking */,
				E3D769572EB643030058419C /* CryptoCoinrankingTests */,
				E3D769612EB643030058419C /* CryptoCoinrankingUITests */,
				E3D7693C2EB643020058419C /* Products */,
			);
			sourceTree = "<group>";
		};
		E3D7693C2EB643020058419C /* Products */ = {
			isa = PBXGroup;
			children = (
				E3D7693B2EB643020058419C /* CryptoCoinranking.app */,
				E3D769542EB643030058419C /* CryptoCoinrankingTests.xctest */,
				E3D7695E2EB643030058419C /* CryptoCoinrankingUITests.xctest */,
			);
			name = Products;
			sourceTree = "<group>";
		};
		E3ED3AAA2EB65B8F006DF229 /* AppDelegates */ = {
			isa = PBXGroup;
			children = (
				E3ED3AE22EB66C40006DF229 /* AppConfig.swift */,
				E3ED3AA82EB65B8F006DF229 /* AppDelegate.swift */,
				E3ED3AA92EB65B8F006DF229 /* SceneDelegate.swift */,
			);
			path = AppDelegates;
			sourceTree = "<group>";
		};
		E3ED3AAB2EB65B8F006DF229 /* Extensions */ = {
			isa = PBXGroup;
			children = (
			);
			path = Extensions;
			sourceTree = "<group>";
		};
		E3ED3AAC2EB65B8F006DF229 /* Protocols */ = {
			isa = PBXGroup;
			children = (
			);
			path = Protocols;
			sourceTree = "<group>";
		};
		E3ED3AAD2EB65B8F006DF229 /* Utilities */ = {
			isa = PBXGroup;
			children = (
			);
			path = Utilities;
			sourceTree = "<group>";
		};
		E3ED3AAE2EB65B8F006DF229 /* Common */ = {
			isa = PBXGroup;
			children = (
				E3ED3AAB2EB65B8F006DF229 /* Extensions */,
				E3ED3AAC2EB65B8F006DF229 /* Protocols */,
				E3ED3AAD2EB65B8F006DF229 /* Utilities */,
			);
			path = Common;
			sourceTree = "<group>";
		};
		E3ED3AB02EB65B8F006DF229 /* Controller */ = {
			isa = PBXGroup;
			children = (
				E3ED3AAF2EB65B8F006DF229 /* ViewController.swift */,
			);
			path = Controller;
			sourceTree = "<group>";
		};
		E3ED3AB12EB65B8F006DF229 /* Favorite */ = {
			isa = PBXGroup;
			children = (
				E3ED3ACF2EB65D26006DF229 /* Views */,
				E3ED3ACE2EB65D18006DF229 /* ViewModels */,
				E3ED3ACD2EB65D0C006DF229 /* Models */,
			);
			path = Favorite;
			sourceTree = "<group>";
		};
		E3ED3AB22EB65B8F006DF229 /* Home */ = {
			isa = PBXGroup;
			children = (
				E3ED3ACA2EB65C0D006DF229 /* Views */,
				E3ED3ACB2EB65CD5006DF229 /* ViewModels */,
				E3ED3ACC2EB65CE5006DF229 /* Models */,
			);
			path = Home;
			sourceTree = "<group>";
		};
		E3ED3AB52EB65B8F006DF229 /* Launcher */ = {
			isa = PBXGroup;
			children = (
				E3ED3AB42EB65B8F006DF229 /* LaunchScreen.storyboard */,
			);
			path = Launcher;
			sourceTree = "<group>";
		};
		E3ED3AB62EB65B8F006DF229 /* Features */ = {
			isa = PBXGroup;
			children = (
				E3ED3AB52EB65B8F006DF229 /* Launcher */,
				E3ED3AB22EB65B8F006DF229 /* Home */,
				E3ED3AD02EB6605E006DF229 /* Detail */,
				E3ED3AB12EB65B8F006DF229 /* Favorite */,
			);
			path = Features;
			sourceTree = "<group>";
		};
		E3ED3AB72EB65B8F006DF229 /* Networking */ = {
			isa = PBXGroup;
			children = (
				E3ED3ADE2EB667A4006DF229 /* Utils */,
				E3ED3ADB2EB66763006DF229 /* Services */,
				E3ED3AD82EB666CE006DF229 /* Protocols */,
				E3ED3AD12EB66239006DF229 /* Model */,
			);
			path = Networking;
			sourceTree = "<group>";
		};
		E3ED3AB92EB65B8F006DF229 /* Persistence */ = {
			isa = PBXGroup;
			children = (
				E3ED3AB82EB65B8F006DF229 /* CryptoCoinranking.xcdatamodeld */,
			);
			path = Persistence;
			sourceTree = "<group>";
		};
		E3ED3ABB2EB65B8F006DF229 /* Resources */ = {
			isa = PBXGroup;
			children = (
				E3ED3ABA2EB65B8F006DF229 /* Assets.xcassets */,
			);
			path = Resources;
			sourceTree = "<group>";
		};
		E3ED3ABE2EB65B8F006DF229 /* UI */ = {
			isa = PBXGroup;
			children = (
			);
			path = UI;
			sourceTree = "<group>";
		};
		E3ED3AC02EB65B8F006DF229 /* CryptoCoinranking */ = {
			isa = PBXGroup;
			children = (
				E3ED3AE12EB66978006DF229 /* AppConfig.xcconfig */,
				E3ED3AAA2EB65B8F006DF229 /* AppDelegates */,
				E3ED3AB62EB65B8F006DF229 /* Features */,
				E3ED3AAE2EB65B8F006DF229 /* Common */,
				E3ED3AB02EB65B8F006DF229 /* Controller */,
				E3ED3AB72EB65B8F006DF229 /* Networking */,
				E3ED3AB92EB65B8F006DF229 /* Persistence */,
				E3ED3ABB2EB65B8F006DF229 /* Resources */,
				E3ED3ABE2EB65B8F006DF229 /* UI */,
				E3ED3ABF2EB65B8F006DF229 /* Info.plist */,
			);
			path = CryptoCoinranking;
			sourceTree = "<group>";
		};
		E3ED3ACA2EB65C0D006DF229 /* Views */ = {
			isa = PBXGroup;
			children = (
				E3ED3ABD2EB65B8F006DF229 /* Main.storyboard */,
			);
			path = Views;
			sourceTree = "<group>";
		};
		E3ED3ACB2EB65CD5006DF229 /* ViewModels */ = {
			isa = PBXGroup;
			children = (
			);
			path = ViewModels;
			sourceTree = "<group>";
		};
		E3ED3ACC2EB65CE5006DF229 /* Models */ = {
			isa = PBXGroup;
			children = (
			);
			path = Models;
			sourceTree = "<group>";
		};
		E3ED3ACD2EB65D0C006DF229 /* Models */ = {
			isa = PBXGroup;
			children = (
			);
			path = Models;
			sourceTree = "<group>";
		};
		E3ED3ACE2EB65D18006DF229 /* ViewModels */ = {
			isa = PBXGroup;
			children = (
			);
			path = ViewModels;
			sourceTree = "<group>";
		};
		E3ED3ACF2EB65D26006DF229 /* Views */ = {
			isa = PBXGroup;
			children = (
			);
			path = Views;
			sourceTree = "<group>";
		};
		E3ED3AD02EB6605E006DF229 /* Detail */ = {
			isa = PBXGroup;
			children = (
			);
			path = Detail;
			sourceTree = "<group>";
		};
		E3ED3AD12EB66239006DF229 /* Model */ = {
			isa = PBXGroup;
			children = (
				E3ED3AEA2EB67294006DF229 /* CoinLink.swift */,
				E3ED3AE82EB6727D006DF229 /* CoinDetail.swift */,
				E3ED3AE62EB67267006DF229 /* CoinDetailData.swift */,
				E3ED3AE42EB67240006DF229 /* CoinDetailResponse.swift */,
				E3ED3AD62EB663D6006DF229 /* CoinResponse.swift */,
				E3ED3AD42EB6637A006DF229 /* CoinData.swift */,
				E3ED3AD22EB6625D006DF229 /* Coin.swift */,
			);
			path = Model;
			sourceTree = "<group>";
		};
		E3ED3AD82EB666CE006DF229 /* Protocols */ = {
			isa = PBXGroup;
			children = (
				E3ED3AD92EB66720006DF229 /* NetworkServiceProtocol.swift */,
			);
			path = Protocols;
			sourceTree = "<group>";
		};
		E3ED3ADB2EB66763006DF229 /* Services */ = {
			isa = PBXGroup;
			children = (
				E3ED3ADC2EB66773006DF229 /* NetworkService.swift */,
			);
			path = Services;
			sourceTree = "<group>";
		};
		E3ED3ADE2EB667A4006DF229 /* Utils */ = {
			isa = PBXGroup;
			children = (
				E3ED3ADF2EB667B2006DF229 /* NetworkError.swift */,
			);
			path = Utils;
			sourceTree = "<group>";
		};
/* End PBXGroup section */

/* Begin PBXNativeTarget section */
		E3D7693A2EB643020058419C /* CryptoCoinranking */ = {
			isa = PBXNativeTarget;
			buildConfigurationList = E3D769672EB643030058419C /* Build configuration list for PBXNativeTarget "CryptoCoinranking" */;
			buildPhases = (
				E3D769372EB643020058419C /* Sources */,
				E3D769382EB643020058419C /* Frameworks */,
				E3D769392EB643020058419C /* Resources */,
			);
			buildRules = (
			);
			dependencies = (
			);
			name = CryptoCoinranking;
			packageProductDependencies = (
			);
			productName = CryptoCoinranking;
			productReference = E3D7693B2EB643020058419C /* CryptoCoinranking.app */;
			productType = "com.apple.product-type.application";
		};
		E3D769532EB643030058419C /* CryptoCoinrankingTests */ = {
			isa = PBXNativeTarget;
			buildConfigurationList = E3D7696C2EB643030058419C /* Build configuration list for PBXNativeTarget "CryptoCoinrankingTests" */;
			buildPhases = (
				E3D769502EB643030058419C /* Sources */,
				E3D769512EB643030058419C /* Frameworks */,
				E3D769522EB643030058419C /* Resources */,
			);
			buildRules = (
			);
			dependencies = (
				E3D769562EB643030058419C /* PBXTargetDependency */,
			);
			fileSystemSynchronizedGroups = (
				E3D769572EB643030058419C /* CryptoCoinrankingTests */,
			);
			name = CryptoCoinrankingTests;
			packageProductDependencies = (
			);
			productName = CryptoCoinrankingTests;
			productReference = E3D769542EB643030058419C /* CryptoCoinrankingTests.xctest */;
			productType = "com.apple.product-type.bundle.unit-test";
		};
		E3D7695D2EB643030058419C /* CryptoCoinrankingUITests */ = {
			isa = PBXNativeTarget;
			buildConfigurationList = E3D7696F2EB643030058419C /* Build configuration list for PBXNativeTarget "CryptoCoinrankingUITests" */;
			buildPhases = (
				E3D7695A2EB643030058419C /* Sources */,
				E3D7695B2EB643030058419C /* Frameworks */,
				E3D7695C2EB643030058419C /* Resources */,
			);
			buildRules = (
			);
			dependencies = (
				E3D769602EB643030058419C /* PBXTargetDependency */,
			);
			fileSystemSynchronizedGroups = (
				E3D769612EB643030058419C /* CryptoCoinrankingUITests */,
			);
			name = CryptoCoinrankingUITests;
			packageProductDependencies = (
			);
			productName = CryptoCoinrankingUITests;
			productReference = E3D7695E2EB643030058419C /* CryptoCoinrankingUITests.xctest */;
			productType = "com.apple.product-type.bundle.ui-testing";
		};
/* End PBXNativeTarget section */

/* Begin PBXProject section */
		E3D769332EB643020058419C /* Project object */ = {
			isa = PBXProject;
			attributes = {
				BuildIndependentTargetsInParallel = 1;
				LastSwiftUpdateCheck = 2600;
				LastUpgradeCheck = 2600;
				TargetAttributes = {
					E3D7693A2EB643020058419C = {
						CreatedOnToolsVersion = 26.0.1;
					};
					E3D769532EB643030058419C = {
						CreatedOnToolsVersion = 26.0.1;
						TestTargetID = E3D7693A2EB643020058419C;
					};
					E3D7695D2EB643030058419C = {
						CreatedOnToolsVersion = 26.0.1;
						TestTargetID = E3D7693A2EB643020058419C;
					};
				};
			};
			buildConfigurationList = E3D769362EB643020058419C /* Build configuration list for PBXProject "CryptoCoinranking" */;
			developmentRegion = en;
			hasScannedForEncodings = 0;
			knownRegions = (
				en,
				Base,
			);
			mainGroup = E3D769322EB643020058419C;
			minimizedProjectReferenceProxies = 1;
			preferredProjectObjectVersion = 77;
			productRefGroup = E3D7693C2EB643020058419C /* Products */;
			projectDirPath = "";
			projectRoot = "";
			targets = (
				E3D7693A2EB643020058419C /* CryptoCoinranking */,
				E3D769532EB643030058419C /* CryptoCoinrankingTests */,
				E3D7695D2EB643030058419C /* CryptoCoinrankingUITests */,
			);
		};
/* End PBXProject section */

/* Begin PBXResourcesBuildPhase section */
		E3D769392EB643020058419C /* Resources */ = {
			isa = PBXResourcesBuildPhase;
			buildActionMask = 2147483647;
			files = (
				E3ED3AC22EB65B8F006DF229 /* LaunchScreen.storyboard in Resources */,
				E3ED3AC32EB65B8F006DF229 /* Assets.xcassets in Resources */,
				E3ED3AC42EB65B8F006DF229 /* Main.storyboard in Resources */,
			);
			runOnlyForDeploymentPostprocessing = 0;
		};
		E3D769522EB643030058419C /* Resources */ = {
			isa = PBXResourcesBuildPhase;
			buildActionMask = 2147483647;
			files = (
			);
			runOnlyForDeploymentPostprocessing = 0;
		};
		E3D7695C2EB643030058419C /* Resources */ = {
			isa = PBXResourcesBuildPhase;
			buildActionMask = 2147483647;
			files = (
			);
			runOnlyForDeploymentPostprocessing = 0;
		};
/* End PBXResourcesBuildPhase section */

/* Begin PBXSourcesBuildPhase section */
		E3D769372EB643020058419C /* Sources */ = {
			isa = PBXSourcesBuildPhase;
			buildActionMask = 2147483647;
			files = (
				E3ED3AD52EB6637D006DF229 /* CoinData.swift in Sources */,
				E3ED3AC62EB65B8F006DF229 /* AppDelegate.swift in Sources */,
				E3ED3AE72EB67269006DF229 /* CoinDetailData.swift in Sources */,
				E3ED3AE32EB66C48006DF229 /* AppConfig.swift in Sources */,
				E3ED3AC72EB65B8F006DF229 /* SceneDelegate.swift in Sources */,
				E3ED3AC82EB65B8F006DF229 /* ViewController.swift in Sources */,
				E3ED3ADD2EB66776006DF229 /* NetworkService.swift in Sources */,
				E3ED3AE52EB67243006DF229 /* CoinDetailResponse.swift in Sources */,
				E3ED3AEB2EB67296006DF229 /* CoinLink.swift in Sources */,
				E3ED3ADA2EB66725006DF229 /* NetworkServiceProtocol.swift in Sources */,
				E3ED3AE92EB6727F006DF229 /* CoinDetail.swift in Sources */,
				E3ED3AD32EB66262006DF229 /* Coin.swift in Sources */,
				E3ED3AD72EB663D9006DF229 /* CoinResponse.swift in Sources */,
				E3ED3AC92EB65B8F006DF229 /* CryptoCoinranking.xcdatamodeld in Sources */,
				E3ED3AE02EB667B5006DF229 /* NetworkError.swift in Sources */,
			);
			runOnlyForDeploymentPostprocessing = 0;
		};
		E3D769502EB643030058419C /* Sources */ = {
			isa = PBXSourcesBuildPhase;
			buildActionMask = 2147483647;
			files = (
			);
			runOnlyForDeploymentPostprocessing = 0;
		};
		E3D7695A2EB643030058419C /* Sources */ = {
			isa = PBXSourcesBuildPhase;
			buildActionMask = 2147483647;
			files = (
			);
			runOnlyForDeploymentPostprocessing = 0;
		};
/* End PBXSourcesBuildPhase section */

/* Begin PBXTargetDependency section */
		E3D769562EB643030058419C /* PBXTargetDependency */ = {
			isa = PBXTargetDependency;
			target = E3D7693A2EB643020058419C /* CryptoCoinranking */;
			targetProxy = E3D769552EB643030058419C /* PBXContainerItemProxy */;
		};
		E3D769602EB643030058419C /* PBXTargetDependency */ = {
			isa = PBXTargetDependency;
			target = E3D7693A2EB643020058419C /* CryptoCoinranking */;
			targetProxy = E3D7695F2EB643030058419C /* PBXContainerItemProxy */;
		};
/* End PBXTargetDependency section */

/* Begin PBXVariantGroup section */
		E3ED3AB42EB65B8F006DF229 /* LaunchScreen.storyboard */ = {
			isa = PBXVariantGroup;
			children = (
				E3ED3AB32EB65B8F006DF229 /* Base */,
			);
			name = LaunchScreen.storyboard;
			sourceTree = "<group>";
		};
		E3ED3ABD2EB65B8F006DF229 /* Main.storyboard */ = {
			isa = PBXVariantGroup;
			children = (
				E3ED3ABC2EB65B8F006DF229 /* Base */,
			);
			name = Main.storyboard;
			sourceTree = "<group>";
		};
/* End PBXVariantGroup section */

/* Begin XCBuildConfiguration section */
		E3D769682EB643030058419C /* Debug */ = {
			isa = XCBuildConfiguration;
			buildSettings = {
				ASSETCATALOG_COMPILER_APPICON_NAME = AppIcon;
				ASSETCATALOG_COMPILER_GLOBAL_ACCENT_COLOR_NAME = AccentColor;
				CODE_SIGN_STYLE = Automatic;
				CURRENT_PROJECT_VERSION = 1;
				DEVELOPMENT_TEAM = 5PWFYS8K96;
				GENERATE_INFOPLIST_FILE = YES;
				INFOPLIST_FILE = CryptoCoinranking/Info.plist;
				INFOPLIST_KEY_CFBundleDisplayName = "Crypto Coinranking";
				INFOPLIST_KEY_LSApplicationCategoryType = "public.app-category.utilities";
				INFOPLIST_KEY_UIApplicationSupportsIndirectInputEvents = YES;
				INFOPLIST_KEY_UILaunchStoryboardName = LaunchScreen;
				INFOPLIST_KEY_UIMainStoryboardFile = Main;
				INFOPLIST_KEY_UISupportedInterfaceOrientations_iPad = "UIInterfaceOrientationPortrait UIInterfaceOrientationPortraitUpsideDown UIInterfaceOrientationLandscapeLeft UIInterfaceOrientationLandscapeRight";
				INFOPLIST_KEY_UISupportedInterfaceOrientations_iPhone = "UIInterfaceOrientationPortrait UIInterfaceOrientationLandscapeLeft UIInterfaceOrientationLandscapeRight";
				IPHONEOS_DEPLOYMENT_TARGET = 15.6;
				LD_RUNPATH_SEARCH_PATHS = (
					"$(inherited)",
					"@executable_path/Frameworks",
				);
				MARKETING_VERSION = 1.0;
				PRODUCT_BUNDLE_IDENTIFIER = awesome.jim.CryptoCoinranking;
				PRODUCT_NAME = "$(TARGET_NAME)";
				STRING_CATALOG_GENERATE_SYMBOLS = YES;
				SWIFT_APPROACHABLE_CONCURRENCY = YES;
				SWIFT_DEFAULT_ACTOR_ISOLATION = MainActor;
				SWIFT_EMIT_LOC_STRINGS = YES;
				SWIFT_UPCOMING_FEATURE_MEMBER_IMPORT_VISIBILITY = YES;
				SWIFT_VERSION = 5.0;
				TARGETED_DEVICE_FAMILY = "1,2";
			};
			name = Debug;
		};
		E3D769692EB643030058419C /* Release */ = {
			isa = XCBuildConfiguration;
			buildSettings = {
				ASSETCATALOG_COMPILER_APPICON_NAME = AppIcon;
				ASSETCATALOG_COMPILER_GLOBAL_ACCENT_COLOR_NAME = AccentColor;
				CODE_SIGN_STYLE = Automatic;
				CURRENT_PROJECT_VERSION = 1;
				DEVELOPMENT_TEAM = 5PWFYS8K96;
				GENERATE_INFOPLIST_FILE = YES;
				INFOPLIST_FILE = CryptoCoinranking/Info.plist;
				INFOPLIST_KEY_CFBundleDisplayName = "Crypto Coinranking";
				INFOPLIST_KEY_LSApplicationCategoryType = "public.app-category.utilities";
				INFOPLIST_KEY_UIApplicationSupportsIndirectInputEvents = YES;
				INFOPLIST_KEY_UILaunchStoryboardName = LaunchScreen;
				INFOPLIST_KEY_UIMainStoryboardFile = Main;
				INFOPLIST_KEY_UISupportedInterfaceOrientations_iPad = "UIInterfaceOrientationPortrait UIInterfaceOrientationPortraitUpsideDown UIInterfaceOrientationLandscapeLeft UIInterfaceOrientationLandscapeRight";
				INFOPLIST_KEY_UISupportedInterfaceOrientations_iPhone = "UIInterfaceOrientationPortrait UIInterfaceOrientationLandscapeLeft UIInterfaceOrientationLandscapeRight";
				IPHONEOS_DEPLOYMENT_TARGET = 15.6;
				LD_RUNPATH_SEARCH_PATHS = (
					"$(inherited)",
					"@executable_path/Frameworks",
				);
				MARKETING_VERSION = 1.0;
				PRODUCT_BUNDLE_IDENTIFIER = awesome.jim.CryptoCoinranking;
				PRODUCT_NAME = "$(TARGET_NAME)";
				STRING_CATALOG_GENERATE_SYMBOLS = YES;
				SWIFT_APPROACHABLE_CONCURRENCY = YES;
				SWIFT_DEFAULT_ACTOR_ISOLATION = MainActor;
				SWIFT_EMIT_LOC_STRINGS = YES;
				SWIFT_UPCOMING_FEATURE_MEMBER_IMPORT_VISIBILITY = YES;
				SWIFT_VERSION = 5.0;
				TARGETED_DEVICE_FAMILY = "1,2";
			};
			name = Release;
		};
		E3D7696A2EB643030058419C /* Debug */ = {
			isa = XCBuildConfiguration;
			baseConfigurationReference = E3ED3AE12EB66978006DF229 /* AppConfig.xcconfig */;
			buildSettings = {
				ALWAYS_SEARCH_USER_PATHS = NO;
				API_BASE_URL_PLIST = "$(API_BASE_URL)";
				API_KEY_PLIST = "$(COIN_RANKING_API_KEY)";
				ASSETCATALOG_COMPILER_GENERATE_SWIFT_ASSET_SYMBOL_EXTENSIONS = YES;
				CLANG_ANALYZER_NONNULL = YES;
				CLANG_ANALYZER_NUMBER_OBJECT_CONVERSION = YES_AGGRESSIVE;
				CLANG_CXX_LANGUAGE_STANDARD = "gnu++20";
				CLANG_ENABLE_MODULES = YES;
				CLANG_ENABLE_OBJC_ARC = YES;
				CLANG_ENABLE_OBJC_WEAK = YES;
				CLANG_WARN_BLOCK_CAPTURE_AUTORELEASING = YES;
				CLANG_WARN_BOOL_CONVERSION = YES;
				CLANG_WARN_COMMA = YES;
				CLANG_WARN_CONSTANT_CONVERSION = YES;
				CLANG_WARN_DEPRECATED_OBJC_IMPLEMENTATIONS = YES;
				CLANG_WARN_DIRECT_OBJC_ISA_USAGE = YES_ERROR;
				CLANG_WARN_DOCUMENTATION_COMMENTS = YES;
				CLANG_WARN_EMPTY_BODY = YES;
				CLANG_WARN_ENUM_CONVERSION = YES;
				CLANG_WARN_INFINITE_RECURSION = YES;
				CLANG_WARN_INT_CONVERSION = YES;
				CLANG_WARN_NON_LITERAL_NULL_CONVERSION = YES;
				CLANG_WARN_OBJC_IMPLICIT_RETAIN_SELF = YES;
				CLANG_WARN_OBJC_LITERAL_CONVERSION = YES;
				CLANG_WARN_OBJC_ROOT_CLASS = YES_ERROR;
				CLANG_WARN_QUOTED_INCLUDE_IN_FRAMEWORK_HEADER = YES;
				CLANG_WARN_RANGE_LOOP_ANALYSIS = YES;
				CLANG_WARN_STRICT_PROTOTYPES = YES;
				CLANG_WARN_SUSPICIOUS_MOVE = YES;
				CLANG_WARN_UNGUARDED_AVAILABILITY = YES_AGGRESSIVE;
				CLANG_WARN_UNREACHABLE_CODE = YES;
				CLANG_WARN__DUPLICATE_METHOD_MATCH = YES;
				COPY_PHASE_STRIP = NO;
				DEBUG_INFORMATION_FORMAT = dwarf;
				DEVELOPMENT_TEAM = 5PWFYS8K96;
				ENABLE_STRICT_OBJC_MSGSEND = YES;
				ENABLE_TESTABILITY = YES;
				ENABLE_USER_SCRIPT_SANDBOXING = YES;
				GCC_C_LANGUAGE_STANDARD = gnu17;
				GCC_DYNAMIC_NO_PIC = NO;
				GCC_NO_COMMON_BLOCKS = YES;
				GCC_OPTIMIZATION_LEVEL = 0;
				GCC_PREPROCESSOR_DEFINITIONS = (
					"DEBUG=1",
					"$(inherited)",
				);
				GCC_WARN_64_TO_32_BIT_CONVERSION = YES;
				GCC_WARN_ABOUT_RETURN_TYPE = YES_ERROR;
				GCC_WARN_UNDECLARED_SELECTOR = YES;
				GCC_WARN_UNINITIALIZED_AUTOS = YES_AGGRESSIVE;
				GCC_WARN_UNUSED_FUNCTION = YES;
				GCC_WARN_UNUSED_VARIABLE = YES;
				IPHONEOS_DEPLOYMENT_TARGET = 26.0;
				LOCALIZATION_PREFERS_STRING_CATALOGS = YES;
				MTL_ENABLE_DEBUG_INFO = INCLUDE_SOURCE;
				MTL_FAST_MATH = YES;
				ONLY_ACTIVE_ARCH = YES;
				SDKROOT = iphoneos;
				SWIFT_ACTIVE_COMPILATION_CONDITIONS = "DEBUG $(inherited)";
				SWIFT_OPTIMIZATION_LEVEL = "-Onone";
			};
			name = Debug;
		};
		E3D7696B2EB643030058419C /* Release */ = {
			isa = XCBuildConfiguration;
			baseConfigurationReference = E3ED3AE12EB66978006DF229 /* AppConfig.xcconfig */;
			buildSettings = {
				ALWAYS_SEARCH_USER_PATHS = NO;
				API_BASE_URL_PLIST = "$(API_BASE_URL)";
				API_KEY_PLIST = "$(COIN_RANKING_API_KEY)";
				ASSETCATALOG_COMPILER_GENERATE_SWIFT_ASSET_SYMBOL_EXTENSIONS = YES;
				CLANG_ANALYZER_NONNULL = YES;
				CLANG_ANALYZER_NUMBER_OBJECT_CONVERSION = YES_AGGRESSIVE;
				CLANG_CXX_LANGUAGE_STANDARD = "gnu++20";
				CLANG_ENABLE_MODULES = YES;
				CLANG_ENABLE_OBJC_ARC = YES;
				CLANG_ENABLE_OBJC_WEAK = YES;
				CLANG_WARN_BLOCK_CAPTURE_AUTORELEASING = YES;
				CLANG_WARN_BOOL_CONVERSION = YES;
				CLANG_WARN_COMMA = YES;
				CLANG_WARN_CONSTANT_CONVERSION = YES;
				CLANG_WARN_DEPRECATED_OBJC_IMPLEMENTATIONS = YES;
				CLANG_WARN_DIRECT_OBJC_ISA_USAGE = YES_ERROR;
				CLANG_WARN_DOCUMENTATION_COMMENTS = YES;
				CLANG_WARN_EMPTY_BODY = YES;
				CLANG_WARN_ENUM_CONVERSION = YES;
				CLANG_WARN_INFINITE_RECURSION = YES;
				CLANG_WARN_INT_CONVERSION = YES;
				CLANG_WARN_NON_LITERAL_NULL_CONVERSION = YES;
				CLANG_WARN_OBJC_IMPLICIT_RETAIN_SELF = YES;
				CLANG_WARN_OBJC_LITERAL_CONVERSION = YES;
				CLANG_WARN_OBJC_ROOT_CLASS = YES_ERROR;
				CLANG_WARN_QUOTED_INCLUDE_IN_FRAMEWORK_HEADER = YES;
				CLANG_WARN_RANGE_LOOP_ANALYSIS = YES;
				CLANG_WARN_STRICT_PROTOTYPES = YES;
				CLANG_WARN_SUSPICIOUS_MOVE = YES;
				CLANG_WARN_UNGUARDED_AVAILABILITY = YES_AGGRESSIVE;
				CLANG_WARN_UNREACHABLE_CODE = YES;
				CLANG_WARN__DUPLICATE_METHOD_MATCH = YES;
				COPY_PHASE_STRIP = NO;
				DEBUG_INFORMATION_FORMAT = "dwarf-with-dsym";
				DEVELOPMENT_TEAM = 5PWFYS8K96;
				ENABLE_NS_ASSERTIONS = NO;
				ENABLE_STRICT_OBJC_MSGSEND = YES;
				ENABLE_USER_SCRIPT_SANDBOXING = YES;
				GCC_C_LANGUAGE_STANDARD = gnu17;
				GCC_NO_COMMON_BLOCKS = YES;
				GCC_WARN_64_TO_32_BIT_CONVERSION = YES;
				GCC_WARN_ABOUT_RETURN_TYPE = YES_ERROR;
				GCC_WARN_UNDECLARED_SELECTOR = YES;
				GCC_WARN_UNINITIALIZED_AUTOS = YES_AGGRESSIVE;
				GCC_WARN_UNUSED_FUNCTION = YES;
				GCC_WARN_UNUSED_VARIABLE = YES;
				IPHONEOS_DEPLOYMENT_TARGET = 26.0;
				LOCALIZATION_PREFERS_STRING_CATALOGS = YES;
				MTL_ENABLE_DEBUG_INFO = NO;
				MTL_FAST_MATH = YES;
				SDKROOT = iphoneos;
				SWIFT_COMPILATION_MODE = wholemodule;
				VALIDATE_PRODUCT = YES;
			};
			name = Release;
		};
		E3D7696D2EB643030058419C /* Debug */ = {
			isa = XCBuildConfiguration;
			buildSettings = {
				BUNDLE_LOADER = "$(TEST_HOST)";
				CODE_SIGN_STYLE = Automatic;
				CURRENT_PROJECT_VERSION = 1;
				DEVELOPMENT_TEAM = 5PWFYS8K96;
				GENERATE_INFOPLIST_FILE = YES;
				IPHONEOS_DEPLOYMENT_TARGET = 26.0;
				MARKETING_VERSION = 1.0;
				PRODUCT_BUNDLE_IDENTIFIER = awesome.jim.CryptoCoinrankingTests;
				PRODUCT_NAME = "$(TARGET_NAME)";
				STRING_CATALOG_GENERATE_SYMBOLS = NO;
				SWIFT_APPROACHABLE_CONCURRENCY = YES;
				SWIFT_EMIT_LOC_STRINGS = NO;
				SWIFT_UPCOMING_FEATURE_MEMBER_IMPORT_VISIBILITY = YES;
				SWIFT_VERSION = 5.0;
				TARGETED_DEVICE_FAMILY = "1,2";
				TEST_HOST = "$(BUILT_PRODUCTS_DIR)/CryptoCoinranking.app/$(BUNDLE_EXECUTABLE_FOLDER_PATH)/CryptoCoinranking";
			};
			name = Debug;
		};
		E3D7696E2EB643030058419C /* Release */ = {
			isa = XCBuildConfiguration;
			buildSettings = {
				BUNDLE_LOADER = "$(TEST_HOST)";
				CODE_SIGN_STYLE = Automatic;
				CURRENT_PROJECT_VERSION = 1;
				DEVELOPMENT_TEAM = 5PWFYS8K96;
				GENERATE_INFOPLIST_FILE = YES;
				IPHONEOS_DEPLOYMENT_TARGET = 26.0;
				MARKETING_VERSION = 1.0;
				PRODUCT_BUNDLE_IDENTIFIER = awesome.jim.CryptoCoinrankingTests;
				PRODUCT_NAME = "$(TARGET_NAME)";
				STRING_CATALOG_GENERATE_SYMBOLS = NO;
				SWIFT_APPROACHABLE_CONCURRENCY = YES;
				SWIFT_EMIT_LOC_STRINGS = NO;
				SWIFT_UPCOMING_FEATURE_MEMBER_IMPORT_VISIBILITY = YES;
				SWIFT_VERSION = 5.0;
				TARGETED_DEVICE_FAMILY = "1,2";
				TEST_HOST = "$(BUILT_PRODUCTS_DIR)/CryptoCoinranking.app/$(BUNDLE_EXECUTABLE_FOLDER_PATH)/CryptoCoinranking";
			};
			name = Release;
		};
		E3D769702EB643030058419C /* Debug */ = {
			isa = XCBuildConfiguration;
			buildSettings = {
				CODE_SIGN_STYLE = Automatic;
				CURRENT_PROJECT_VERSION = 1;
				DEVELOPMENT_TEAM = 5PWFYS8K96;
				GENERATE_INFOPLIST_FILE = YES;
				MARKETING_VERSION = 1.0;
				PRODUCT_BUNDLE_IDENTIFIER = awesome.jim.CryptoCoinrankingUITests;
				PRODUCT_NAME = "$(TARGET_NAME)";
				STRING_CATALOG_GENERATE_SYMBOLS = NO;
				SWIFT_APPROACHABLE_CONCURRENCY = YES;
				SWIFT_EMIT_LOC_STRINGS = NO;
				SWIFT_UPCOMING_FEATURE_MEMBER_IMPORT_VISIBILITY = YES;
				SWIFT_VERSION = 5.0;
				TARGETED_DEVICE_FAMILY = "1,2";
				TEST_TARGET_NAME = CryptoCoinranking;
			};
			name = Debug;
		};
		E3D769712EB643030058419C /* Release */ = {
			isa = XCBuildConfiguration;
			buildSettings = {
				CODE_SIGN_STYLE = Automatic;
				CURRENT_PROJECT_VERSION = 1;
				DEVELOPMENT_TEAM = 5PWFYS8K96;
				GENERATE_INFOPLIST_FILE = YES;
				MARKETING_VERSION = 1.0;
				PRODUCT_BUNDLE_IDENTIFIER = awesome.jim.CryptoCoinrankingUITests;
				PRODUCT_NAME = "$(TARGET_NAME)";
				STRING_CATALOG_GENERATE_SYMBOLS = NO;
				SWIFT_APPROACHABLE_CONCURRENCY = YES;
				SWIFT_EMIT_LOC_STRINGS = NO;
				SWIFT_UPCOMING_FEATURE_MEMBER_IMPORT_VISIBILITY = YES;
				SWIFT_VERSION = 5.0;
				TARGETED_DEVICE_FAMILY = "1,2";
				TEST_TARGET_NAME = CryptoCoinranking;
			};
			name = Release;
		};
/* End XCBuildConfiguration section */

/* Begin XCConfigurationList section */
		E3D769362EB643020058419C /* Build configuration list for PBXProject "CryptoCoinranking" */ = {
			isa = XCConfigurationList;
			buildConfigurations = (
				E3D7696A2EB643030058419C /* Debug */,
				E3D7696B2EB643030058419C /* Release */,
			);
			defaultConfigurationIsVisible = 0;
			defaultConfigurationName = Release;
		};
		E3D769672EB643030058419C /* Build configuration list for PBXNativeTarget "CryptoCoinranking" */ = {
			isa = XCConfigurationList;
			buildConfigurations = (
				E3D769682EB643030058419C /* Debug */,
				E3D769692EB643030058419C /* Release */,
			);
			defaultConfigurationIsVisible = 0;
			defaultConfigurationName = Release;
		};
		E3D7696C2EB643030058419C /* Build configuration list for PBXNativeTarget "CryptoCoinrankingTests" */ = {
			isa = XCConfigurationList;
			buildConfigurations = (
				E3D7696D2EB643030058419C /* Debug */,
				E3D7696E2EB643030058419C /* Release */,
			);
			defaultConfigurationIsVisible = 0;
			defaultConfigurationName = Release;
		};
		E3D7696F2EB643030058419C /* Build configuration list for PBXNativeTarget "CryptoCoinrankingUITests" */ = {
			isa = XCConfigurationList;
			buildConfigurations = (
				E3D769702EB643030058419C /* Debug */,
				E3D769712EB643030058419C /* Release */,
			);
			defaultConfigurationIsVisible = 0;
			defaultConfigurationName = Release;
		};
/* End XCConfigurationList section */

/* Begin XCVersionGroup section */
		E3ED3AB82EB65B8F006DF229 /* CryptoCoinranking.xcdatamodeld */ = {
			isa = XCVersionGroup;
			children = (
				E3ED3AC12EB65B8F006DF229 /* CryptoCoinranking.xcdatamodel */,
			);
			currentVersion = E3ED3AC12EB65B8F006DF229 /* CryptoCoinranking.xcdatamodel */;
			path = CryptoCoinranking.xcdatamodeld;
			sourceTree = "<group>";
			versionGroupType = wrapper.xcdatamodel;
		};
/* End XCVersionGroup section */
	};
	rootObject = E3D769332EB643020058419C /* Project object */;
}
